
Microsoft Visual Studio Solution File, Format Version 12.00
# Visual Studio Version 16
VisualStudioVersion = 16.0.31410.357
MinimumVisualStudioVersion = 10.0.40219.1
Project("{FAE04EC0-301F-11D3-BF4B-00C04F79EFBC}") = "Admin", "Admin\Admin.csproj", "{5152BB89-FF3D-4F8E-8E6B-8A3E4C04AE3C}"
EndProject
Global
	GlobalSection(SolutionConfigurationPlatforms) = preSolution
		Debug|Any CPU = Debug|Any CPU
		Release|Any CPU = Release|Any CPU
	EndGlobalSection
	GlobalSection(ProjectConfigurationPlatforms) = postSolution
		{5152BB89-FF3D-4F8E-8E6B-8A3E4C04AE3C}.Debug|Any CPU.ActiveCfg = Debug|Any CPU
		{5152BB89-FF3D-4F8E-8E6B-8A3E4C04AE3C}.Debug|Any CPU.Build.0 = Debug|Any CPU
		{5152BB89-FF3D-4F8E-8E6B-8A3E4C04AE3C}.Release|Any CPU.ActiveCfg = Release|Any CPU
		{5152BB89-FF3D-4F8E-8E6B-8A3E4C04AE3C}.Release|Any CPU.Build.0 = Release|Any CPU
	EndGlobalSection
	GlobalSection(SolutionProperties) = preSolution
		HideSolutionNode = FALSE
	EndGlobalSection
	GlobalSection(ExtensibilityGlobals) = postSolution
		SolutionGuid = {EB4F8616-1946-442C-80F8-508045D631BE}
	EndGlobalSection
EndGlobal
